
Microsoft Visual Studio Solution File, Format Version 12.00
# Visual Studio Version 16
VisualStudioVersion = 16.0.31515.178
MinimumVisualStudioVersion = 10.0.40219.1
Project("{FAE04EC0-301F-11D3-BF4B-00C04F79EFBC}") = "CustomerObserver", "CustomerObserver\CustomerObserver.csproj", "{F9C08BF0-AB7E-4FAA-BF92-34E4DFF4E7EC}"
EndProject
Global
	GlobalSection(SolutionConfigurationPlatforms) = preSolution
		Debug|Any CPU = Debug|Any CPU
		Release|Any CPU = Release|Any CPU
	EndGlobalSection
	GlobalSection(ProjectConfigurationPlatforms) = postSolution
		{F9C08BF0-AB7E-4FAA-BF92-34E4DFF4E7EC}.Debug|Any CPU.ActiveCfg = Debug|Any CPU
		{F9C08BF0-AB7E-4FAA-BF92-34E4DFF4E7EC}.Debug|Any CPU.Build.0 = Debug|Any CPU
		{F9C08BF0-AB7E-4FAA-BF92-34E4DFF4E7EC}.Release|Any CPU.ActiveCfg = Release|Any CPU
		{F9C08BF0-AB7E-4FAA-BF92-34E4DFF4E7EC}.Release|Any CPU.Build.0 = Release|Any CPU
	EndGlobalSection
	GlobalSection(SolutionProperties) = preSolution
		HideSolutionNode = FALSE
	EndGlobalSection
	GlobalSection(ExtensibilityGlobals) = postSolution
		SolutionGuid = {46300227-4871-4CF5-849C-E09924F48C3E}
	EndGlobalSection
EndGlobal
